lockfileVersion: '9.0'

settings:
  autoInstallPeers: true
  excludeLinksFromLockfile: false

importers:

  .:
    dependencies:
      '@prisma/client':
        specifier: ^4.15.0
        version: 4.15.0(prisma@4.15.0)
      '@supabase/supabase-js':
        specifier: ^2.95.3
        version: 2.95.3
    devDependencies:
      prisma:
        specifier: ^4.15.0
        version: 4.15.0

packages:

  '@prisma/client@4.15.0':
    resolution: {integrity: sha512-xnROvyABcGiwqRNdrObHVZkD9EjkJYHOmVdlKy1yGgI+XOzvMzJ4tRg3dz1pUlsyhKxXGCnjIQjWW+2ur+YXuw==}
    engines: {node: '>=14.17'}
    peerDependencies:
      prisma: '*'
    peerDependenciesMeta:
      prisma:
        optional: true

  '@prisma/engines-version@4.15.0-28.8fbc245156db7124f997f4cecdd8d1219e360944':
    resolution: {integrity: sha512-sVOig4tjGxxlYaFcXgE71f/rtFhzyYrfyfNFUsxCIEJyVKU9rdOWIlIwQ2NQ7PntvGnn+x0XuFo4OC1jvPJKzg==}

  '@prisma/engines@4.15.0':
    resolution: {integrity: sha512-FTaOCGs0LL0OW68juZlGxFtYviZa4xdQj/rQEdat2txw0s3Vu/saAPKjNVXfIgUsGXmQ72HPgNr6935/P8FNAA==}

  '@supabase/auth-js@2.95.3':
    resolution: {integrity: sha512-vD2YoS8E2iKIX0F7EwXTmqhUpaNsmbU6X2R0/NdFcs02oEfnHyNP/3M716f3wVJ2E5XHGiTFXki6lRckhJ0Thg==}
    engines: {node: '>=20.0.0'}

  '@supabase/functions-js@2.95.3':
    resolution: {integrity: sha512-uTuOAKzs9R/IovW1krO0ZbUHSJnsnyJElTXIRhjJTqymIVGcHzkAYnBCJqd7468Fs/Foz1BQ7Dv6DCl05lr7ig==}
    engines: {node: '>=20.0.0'}

  '@supabase/postgrest-js@2.95.3':
    resolution: {integrity: sha512-LTrRBqU1gOovxRm1vRXPItSMPBmEFqrfTqdPTRtzOILV4jPSueFz6pES5hpb4LRlkFwCPRmv3nQJ5N625V2Xrg==}
    engines: {node: '>=20.0.0'}

  '@supabase/realtime-js@2.95.3':
    resolution: {integrity: sha512-D7EAtfU3w6BEUxDACjowWNJo/ZRo7sDIuhuOGKHIm9FHieGeoJV5R6GKTLtga/5l/6fDr2u+WcW/m8I9SYmaIw==}
    engines: {node: '>=20.0.0'}

  '@supabase/storage-js@2.95.3':
    resolution: {integrity: sha512-4GxkJiXI3HHWjxpC3sDx1BVrV87O0hfX+wvJdqGv67KeCu+g44SPnII8y0LL/Wr677jB7tpjAxKdtVWf+xhc9A==}
    engines: {node: '>=20.0.0'}

  '@supabase/supabase-js@2.95.3':
    resolution: {integrity: sha512-Fukw1cUTQ6xdLiHDJhKKPu6svEPaCEDvThqCne3OaQyZvuq2qjhJAd91kJu3PXLG18aooCgYBaB6qQz35hhABg==}
    engines: {node: '>=20.0.0'}

  '@types/node@25.2.3':
    resolution: {integrity: sha512-m0jEgYlYz+mDJZ2+F4v8D1AyQb+QzsNqRuI7xg1VQX/KlKS0qT9r1Mo16yo5F/MtifXFgaofIFsdFMox2SxIbQ==}

  '@types/phoenix@1.6.7':
    resolution: {integrity: sha512-oN9ive//QSBkf19rfDv45M7eZPi0eEXylht2OLEXicu5b4KoQ1OzXIw+xDSGWxSxe1JmepRR/ZH283vsu518/Q==}

  '@types/ws@8.18.1':
    resolution: {integrity: sha512-ThVF6DCVhA8kUGy+aazFQ4kXQ7E1Ty7A3ypFOe0IcJV8O/M511G99AW24irKrW56Wt44yG9+ij8FaqoBGkuBXg==}

  iceberg-js@0.8.1:
    resolution: {integrity: sha512-1dhVQZXhcHje7798IVM+xoo/1ZdVfzOMIc8/rgVSijRK38EDqOJoGula9N/8ZI5RD8QTxNQtK/Gozpr+qUqRRA==}
    engines: {node: '>=20.0.0'}

  prisma@4.15.0:
    resolution: {integrity: sha512-iKZZpobPl48gTcSZVawLMQ3lEy6BnXwtoMj7hluoGFYu2kQ6F9LBuBrUyF95zRVnNo8/3KzLXJXJ5TEnLSJFiA==}
    engines: {node: '>=14.17'}
    hasBin: true

  tslib@2.8.1:
    resolution: {integrity: sha512-oJFu94HQb+KVduSUQL7wnpmqnfmLsOA/nAh6b6EH0wCEoK0/mPeXU6c3wKDV83MkOuHPRHtSXKKU99IBazS/2w==}

  undici-types@7.16.0:
    resolution: {integrity: sha512-Zz+aZWSj8LE6zoxD+xrjh4VfkIG8Ya6LvYkZqtUQGJPZjYl53ypCaUwWqo7eI0x66KBGeRo+mlBEkMSeSZ38Nw==}

  ws@8.19.0:
    resolution: {integrity: sha512-blAT2mjOEIi0ZzruJfIhb3nps74PRWTCz1IjglWEEpQl5XS/UNama6u2/rjFkDDouqr4L67ry+1aGIALViWjDg==}
    engines: {node: '>=10.0.0'}
    peerDependencies:
      bufferutil: ^4.0.1
      utf-8-validate: '>=5.0.2'
    peerDependenciesMeta:
      bufferutil:
        optional: true
      utf-8-validate:
        optional: true

snapshots:

  '@prisma/client@4.15.0(prisma@4.15.0)':
    dependencies:
      '@prisma/engines-version': 4.15.0-28.8fbc245156db7124f997f4cecdd8d1219e360944
    optionalDependencies:
      prisma: 4.15.0

  '@prisma/engines-version@4.15.0-28.8fbc245156db7124f997f4cecdd8d1219e360944': {}

  '@prisma/engines@4.15.0': {}

  '@supabase/auth-js@2.95.3':
    dependencies:
      tslib: 2.8.1

  '@supabase/functions-js@2.95.3':
    dependencies:
      tslib: 2.8.1

  '@supabase/postgrest-js@2.95.3':
    dependencies:
      tslib: 2.8.1

  '@supabase/realtime-js@2.95.3':
    dependencies:
      '@types/phoenix': 1.6.7
      '@types/ws': 8.18.1
      tslib: 2.8.1
      ws: 8.19.0
    transitivePeerDependencies:
      - bufferutil
      - utf-8-validate

  '@supabase/storage-js@2.95.3':
    dependencies:
      iceberg-js: 0.8.1
      tslib: 2.8.1

  '@supabase/supabase-js@2.95.3':
    dependencies:
      '@supabase/auth-js': 2.95.3
      '@supabase/functions-js': 2.95.3
      '@supabase/postgrest-js': 2.95.3
      '@supabase/realtime-js': 2.95.3
      '@supabase/storage-js': 2.95.3
    transitivePeerDependencies:
      - bufferutil
      - utf-8-validate

  '@types/node@25.2.3':
    dependencies:
      undici-types: 7.16.0

  '@types/phoenix@1.6.7': {}

  '@types/ws@8.18.1':
    dependencies:
      '@types/node': 25.2.3

  iceberg-js@0.8.1: {}

  prisma@4.15.0:
    dependencies:
      '@prisma/engines': 4.15.0

  tslib@2.8.1: {}

  undici-types@7.16.0: {}

  ws@8.19.0: {}
